
Microsoft Visual Studio Solution File, Format Version 12.00
# Visual Studio 15
Project("{FAE04EC0-301F-11D3-BF4B-00C04F79EFBC}") = "Assembly-CSharp", "Assembly-CSharp.csproj", "{0395B681-CC8D-6531-086E-EDF77098999B}"
EndProject
Project("{FAE04EC0-301F-11D3-BF4B-00C04F79EFBC}") = "Assembly-CSharp-Editor", "Assembly-CSharp-Editor.csproj", "{3BE1F340-AF82-0668-07ED-ACC57CDA4699}"
EndProject
Global
	GlobalSection(SolutionConfigurationPlatforms) = preSolution
		Debug|Any CPU = Debug|Any CPU
		Release|Any CPU = Release|Any CPU
	EndGlobalSection
	GlobalSection(ProjectConfigurationPlatforms) = postSolution
		{0395B681-CC8D-6531-086E-EDF77098999B}.Debug|Any CPU.ActiveCfg = Debug|Any CPU
		{0395B681-CC8D-6531-086E-EDF77098999B}.Debug|Any CPU.Build.0 = Debug|Any CPU
		{0395B681-CC8D-6531-086E-EDF77098999B}.Release|Any CPU.ActiveCfg = Release|Any CPU
		{0395B681-CC8D-6531-086E-EDF77098999B}.Release|Any CPU.Build.0 = Release|Any CPU
		{3BE1F340-AF82-0668-07ED-ACC57CDA4699}.Debug|Any CPU.ActiveCfg = Debug|Any CPU
		{3BE1F340-AF82-0668-07ED-ACC57CDA4699}.Debug|Any CPU.Build.0 = Debug|Any CPU
		{3BE1F340-AF82-0668-07ED-ACC57CDA4699}.Release|Any CPU.ActiveCfg = Release|Any CPU
		{3BE1F340-AF82-0668-07ED-ACC57CDA4699}.Release|Any CPU.Build.0 = Release|Any CPU
	EndGlobalSection
	GlobalSection(SolutionProperties) = preSolution
		HideSolutionNode = FALSE
	EndGlobalSection
	GlobalSection(MonoDevelopProperties) = preSolution
		StartupItem = Assembly-CSharp.csproj
	EndGlobalSection
EndGlobal
